
Microsoft Visual Studio Solution File, Format Version 12.00
# Visual Studio 15
VisualStudioVersion = 15.0.28307.902
MinimumVisualStudioVersion = 10.0.40219.1
Project("{FAE04EC0-301F-11D3-BF4B-00C04F79EFBC}") = "ConsoleApplication", "ConsoleApplication\ConsoleApplication.csproj", "{DC65E7F3-8E34-4DC0-B91A-B7ECE09261C4}"
EndProject
Project("{FAE04EC0-301F-11D3-BF4B-00C04F79EFBC}") = "SharedKernel", "SharedKernel\SharedKernel.csproj", "{CC5422C3-1E1D-4735-90AB-8FF9643DBD6E}"
EndProject
Project("{FAE04EC0-301F-11D3-BF4B-00C04F79EFBC}") = "UnitTests", "UnitTests\UnitTests.csproj", "{9139710D-E802-4334-B662-9B39B0C8B11C}"
EndProject
Global
	GlobalSection(SolutionConfigurationPlatforms) = preSolution
		Debug|Any CPU = Debug|Any CPU
		Release|Any CPU = Release|Any CPU
	EndGlobalSection
	GlobalSection(ProjectConfigurationPlatforms) = postSolution
		{DC65E7F3-8E34-4DC0-B91A-B7ECE09261C4}.Debug|Any CPU.ActiveCfg = Debug|Any CPU
		{DC65E7F3-8E34-4DC0-B91A-B7ECE09261C4}.Debug|Any CPU.Build.0 = Debug|Any CPU
		{DC65E7F3-8E34-4DC0-B91A-B7ECE09261C4}.Release|Any CPU.ActiveCfg = Release|Any CPU
		{DC65E7F3-8E34-4DC0-B91A-B7ECE09261C4}.Release|Any CPU.Build.0 = Release|Any CPU
		{CC5422C3-1E1D-4735-90AB-8FF9643DBD6E}.Debug|Any CPU.ActiveCfg = Debug|Any CPU
		{CC5422C3-1E1D-4735-90AB-8FF9643DBD6E}.Debug|Any CPU.Build.0 = Debug|Any CPU
		{CC5422C3-1E1D-4735-90AB-8FF9643DBD6E}.Release|Any CPU.ActiveCfg = Release|Any CPU
		{CC5422C3-1E1D-4735-90AB-8FF9643DBD6E}.Release|Any CPU.Build.0 = Release|Any CPU
		{9139710D-E802-4334-B662-9B39B0C8B11C}.Debug|Any CPU.ActiveCfg = Debug|Any CPU
		{9139710D-E802-4334-B662-9B39B0C8B11C}.Debug|Any CPU.Build.0 = Debug|Any CPU
		{9139710D-E802-4334-B662-9B39B0C8B11C}.Release|Any CPU.ActiveCfg = Release|Any CPU
		{9139710D-E802-4334-B662-9B39B0C8B11C}.Release|Any CPU.Build.0 = Release|Any CPU
	EndGlobalSection
	GlobalSection(SolutionProperties) = preSolution
		HideSolutionNode = FALSE
	EndGlobalSection
	GlobalSection(ExtensibilityGlobals) = postSolution
		SolutionGuid = {8FDA21E4-44F6-4575-ABFF-F1F54495C556}
	EndGlobalSection
EndGlobal
